
Microsoft Visual Studio Solution File, Format Version 12.00
# Visual Studio Version 17
VisualStudioVersion = 17.8.34330.188
MinimumVisualStudioVersion = 10.0.40219.1
Project("{FAE04EC0-301F-11D3-BF4B-00C04F79EFBC}") = "FastLineChart", "FastLineChart.csproj", "{C473CE97-9562-4234-9ED5-44AA283B14AB}"
EndProject
Global
	GlobalSection(SolutionConfigurationPlatforms) = preSolution
		Debug|Any CPU = Debug|Any CPU
		Release|Any CPU = Release|Any CPU
	EndGlobalSection
	GlobalSection(ProjectConfigurationPlatforms) = postSolution
		{C473CE97-9562-4234-9ED5-44AA283B14AB}.Debug|Any CPU.ActiveCfg = Debug|Any CPU
		{C473CE97-9562-4234-9ED5-44AA283B14AB}.Debug|Any CPU.Build.0 = Debug|Any CPU
		{C473CE97-9562-4234-9ED5-44AA283B14AB}.Debug|Any CPU.Deploy.0 = Debug|Any CPU
		{C473CE97-9562-4234-9ED5-44AA283B14AB}.Release|Any CPU.ActiveCfg = Release|Any CPU
		{C473CE97-9562-4234-9ED5-44AA283B14AB}.Release|Any CPU.Build.0 = Release|Any CPU
		{C473CE97-9562-4234-9ED5-44AA283B14AB}.Release|Any CPU.Deploy.0 = Release|Any CPU
	EndGlobalSection
	GlobalSection(SolutionProperties) = preSolution
		HideSolutionNode = FALSE
	EndGlobalSection
	GlobalSection(ExtensibilityGlobals) = postSolution
		SolutionGuid = {94915138-150B-4B42-9B71-B16B5F0DDFE1}
	EndGlobalSection
EndGlobal
